
Microsoft Visual Studio Solution File, Format Version 11.00
# Visual Studio 2010
Project("{FAE04EC0-301F-11D3-BF4B-00C04F79EFBC}") = "MyTwit", "MyTwit\MyTwit.csproj", "{28C25C2C-B6F6-4881-8C45-FB91D4A1F62A}"
EndProject
Project("{FAE04EC0-301F-11D3-BF4B-00C04F79EFBC}") = "LinqToTwitterAg", "LinqToTwitterAg\LinqToTwitterAg.csproj", "{D6F5E8C4-5A90-4606-B9EF-9478DDA7BF9C}"
EndProject
Project("{2150E333-8FDC-42A3-9474-1A3956D46DE8}") = "Binaries", "Binaries", "{02A9C36B-DF7D-4DE1-8D7B-CBBB4480D7AE}"
EndProject
Project("{2150E333-8FDC-42A3-9474-1A3956D46DE8}") = "Prism", "Prism", "{514E598A-CACF-4D88-8D3E-CFA012E14DD1}"
EndProject
Project("{FAE04EC0-301F-11D3-BF4B-00C04F79EFBC}") = "Prism", "Lib\Prism\Prism.csproj", "{3BC829AC-1DE8-48A7-BE0C-D96CFE6CF0EA}"
EndProject
Project("{FAE04EC0-301F-11D3-BF4B-00C04F79EFBC}") = "Prism.Interactivity", "Lib\Prism.Interactivity\Prism.Interactivity.csproj", "{F3CC2EF9-B092-498A-A7D7-E52DE5370700}"
EndProject
Project("{2150E333-8FDC-42A3-9474-1A3956D46DE8}") = "UnitTesting", "UnitTesting", "{B5BB0F34-A63E-4EC0-949A-FA3099AA09C5}"
	ProjectSection(SolutionItems) = preProject
		Binaries\UnitTesting\Microsoft.Silverlight.Testing.dll = Binaries\UnitTesting\Microsoft.Silverlight.Testing.dll
		Binaries\UnitTesting\Microsoft.VisualStudio.QualityTools.UnitTesting.Silverlight.dll = Binaries\UnitTesting\Microsoft.VisualStudio.QualityTools.UnitTesting.Silverlight.dll
	EndProjectSection
EndProject
Global
	GlobalSection(SolutionConfigurationPlatforms) = preSolution
		Debug|Any CPU = Debug|Any CPU
		Debug|x86 = Debug|x86
		Release|Any CPU = Release|Any CPU
		Release|x86 = Release|x86
	EndGlobalSection
	GlobalSection(ProjectConfigurationPlatforms) = postSolution
		{28C25C2C-B6F6-4881-8C45-FB91D4A1F62A}.Debug|Any CPU.ActiveCfg = Debug|Any CPU
		{28C25C2C-B6F6-4881-8C45-FB91D4A1F62A}.Debug|Any CPU.Build.0 = Debug|Any CPU
		{28C25C2C-B6F6-4881-8C45-FB91D4A1F62A}.Debug|Any CPU.Deploy.0 = Debug|Any CPU
		{28C25C2C-B6F6-4881-8C45-FB91D4A1F62A}.Debug|x86.ActiveCfg = Debug|Any CPU
		{28C25C2C-B6F6-4881-8C45-FB91D4A1F62A}.Release|Any CPU.ActiveCfg = Release|Any CPU
		{28C25C2C-B6F6-4881-8C45-FB91D4A1F62A}.Release|Any CPU.Build.0 = Release|Any CPU
		{28C25C2C-B6F6-4881-8C45-FB91D4A1F62A}.Release|Any CPU.Deploy.0 = Release|Any CPU
		{28C25C2C-B6F6-4881-8C45-FB91D4A1F62A}.Release|x86.ActiveCfg = Release|Any CPU
		{D6F5E8C4-5A90-4606-B9EF-9478DDA7BF9C}.Debug|Any CPU.ActiveCfg = Debug|Any CPU
		{D6F5E8C4-5A90-4606-B9EF-9478DDA7BF9C}.Debug|Any CPU.Build.0 = Debug|Any CPU
		{D6F5E8C4-5A90-4606-B9EF-9478DDA7BF9C}.Debug|x86.ActiveCfg = Debug|Any CPU
		{D6F5E8C4-5A90-4606-B9EF-9478DDA7BF9C}.Release|Any CPU.ActiveCfg = Release|Any CPU
		{D6F5E8C4-5A90-4606-B9EF-9478DDA7BF9C}.Release|Any CPU.Build.0 = Release|Any CPU
		{D6F5E8C4-5A90-4606-B9EF-9478DDA7BF9C}.Release|x86.ActiveCfg = Release|Any CPU
		{3BC829AC-1DE8-48A7-BE0C-D96CFE6CF0EA}.Debug|Any CPU.ActiveCfg = Debug|Any CPU
		{3BC829AC-1DE8-48A7-BE0C-D96CFE6CF0EA}.Debug|Any CPU.Build.0 = Debug|Any CPU
		{3BC829AC-1DE8-48A7-BE0C-D96CFE6CF0EA}.Debug|x86.ActiveCfg = Debug|Any CPU
		{3BC829AC-1DE8-48A7-BE0C-D96CFE6CF0EA}.Release|Any CPU.ActiveCfg = Release|Any CPU
		{3BC829AC-1DE8-48A7-BE0C-D96CFE6CF0EA}.Release|Any CPU.Build.0 = Release|Any CPU
		{3BC829AC-1DE8-48A7-BE0C-D96CFE6CF0EA}.Release|x86.ActiveCfg = Release|Any CPU
		{F3CC2EF9-B092-498A-A7D7-E52DE5370700}.Debug|Any CPU.ActiveCfg = Debug|Any CPU
		{F3CC2EF9-B092-498A-A7D7-E52DE5370700}.Debug|Any CPU.Build.0 = Debug|Any CPU
		{F3CC2EF9-B092-498A-A7D7-E52DE5370700}.Debug|x86.ActiveCfg = Debug|Any CPU
		{F3CC2EF9-B092-498A-A7D7-E52DE5370700}.Release|Any CPU.ActiveCfg = Release|Any CPU
		{F3CC2EF9-B092-498A-A7D7-E52DE5370700}.Release|Any CPU.Build.0 = Release|Any CPU
		{F3CC2EF9-B092-498A-A7D7-E52DE5370700}.Release|x86.ActiveCfg = Release|Any CPU
	EndGlobalSection
	GlobalSection(SolutionProperties) = preSolution
		HideSolutionNode = FALSE
	EndGlobalSection
	GlobalSection(NestedProjects) = preSolution
		{B5BB0F34-A63E-4EC0-949A-FA3099AA09C5} = {02A9C36B-DF7D-4DE1-8D7B-CBBB4480D7AE}
		{3BC829AC-1DE8-48A7-BE0C-D96CFE6CF0EA} = {514E598A-CACF-4D88-8D3E-CFA012E14DD1}
		{F3CC2EF9-B092-498A-A7D7-E52DE5370700} = {514E598A-CACF-4D88-8D3E-CFA012E14DD1}
	EndGlobalSection
	GlobalSection(SpecExplorer.ActivityCompletionStatus) = preSolution
		SpecExplorer.ActivityCompletionStatus = 
	EndGlobalSection
EndGlobal
